// !$*UTF8*$!
{
	archiveVersion = 1;
	classes = {
	};
	objectVersion = 50;
	objects = {

/* Begin PBXBuildFile section */
		D3C5FC4A20C347A900B842C2 /* AppDelegate.swift in Sources */ = {isa = PBXBuildFile; fileRef = D3C5FC4920C347A900B842C2 /* AppDelegate.swift */; };
		D3C5FC4F20C347A900B842C2 /* Main.storyboard in Resources */ = {isa = PBXBuildFile; fileRef = D3C5FC4D20C347A900B842C2 /* Main.storyboard */; };
		D3C5FC5220C347A900B842C2 /* AvenueCode.xcdatamodeld in Sources */ = {isa = PBXBuildFile; fileRef = D3C5FC5020C347A900B842C2 /* AvenueCode.xcdatamodeld */; };
		D3C5FC5420C347AA00B842C2 /* Assets.xcassets in Resources */ = {isa = PBXBuildFile; fileRef = D3C5FC5320C347AA00B842C2 /* Assets.xcassets */; };
		D3C5FC5720C347AA00B842C2 /* LaunchScreen.storyboard in Resources */ = {isa = PBXBuildFile; fileRef = D3C5FC5520C347AA00B842C2 /* LaunchScreen.storyboard */; };
		D3C5FC6220C347AA00B842C2 /* AvenueCodeTests.swift in Sources */ = {isa = PBXBuildFile; fileRef = D3C5FC6120C347AA00B842C2 /* AvenueCodeTests.swift */; };
		D3C5FC6D20C347AA00B842C2 /* AvenueCodeUITests.swift in Sources */ = {isa = PBXBuildFile; fileRef = D3C5FC6C20C347AA00B842C2 /* AvenueCodeUITests.swift */; };
		D3C5FC7B20C347DF00B842C2 /* GoogleAPILocationsHomeViewController.swift in Sources */ = {isa = PBXBuildFile; fileRef = D3C5FC7A20C347DF00B842C2 /* GoogleAPILocationsHomeViewController.swift */; };
		D3C5FC7C20C347DF00B842C2 /* GoogleAPILocationsHomeViewController.swift in Sources */ = {isa = PBXBuildFile; fileRef = D3C5FC7A20C347DF00B842C2 /* GoogleAPILocationsHomeViewController.swift */; };
		D3C5FC7D20C347DF00B842C2 /* GoogleAPILocationsHomeViewController.swift in Sources */ = {isa = PBXBuildFile; fileRef = D3C5FC7A20C347DF00B842C2 /* GoogleAPILocationsHomeViewController.swift */; };
		D3C5FC7F20C3492100B842C2 /* NetworkManager.swift in Sources */ = {isa = PBXBuildFile; fileRef = D3C5FC7E20C3492100B842C2 /* NetworkManager.swift */; };
		D3C5FC8020C3492100B842C2 /* NetworkManager.swift in Sources */ = {isa = PBXBuildFile; fileRef = D3C5FC7E20C3492100B842C2 /* NetworkManager.swift */; };
		D3C5FC8120C3492100B842C2 /* NetworkManager.swift in Sources */ = {isa = PBXBuildFile; fileRef = D3C5FC7E20C3492100B842C2 /* NetworkManager.swift */; };
		D3C5FC8320C3495400B842C2 /* Location.swift in Sources */ = {isa = PBXBuildFile; fileRef = D3C5FC8220C3495400B842C2 /* Location.swift */; };
		D3C5FC8420C3495400B842C2 /* Location.swift in Sources */ = {isa = PBXBuildFile; fileRef = D3C5FC8220C3495400B842C2 /* Location.swift */; };
		D3C5FC8520C3495400B842C2 /* Location.swift in Sources */ = {isa = PBXBuildFile; fileRef = D3C5FC8220C3495400B842C2 /* Location.swift */; };
		D3C5FC8720C34B6C00B842C2 /* AddressComponents.swift in Sources */ = {isa = PBXBuildFile; fileRef = D3C5FC8620C34B6C00B842C2 /* AddressComponents.swift */; };
		D3C5FC8820C34B6C00B842C2 /* AddressComponents.swift in Sources */ = {isa = PBXBuildFile; fileRef = D3C5FC8620C34B6C00B842C2 /* AddressComponents.swift */; };
		D3C5FC8920C34B6C00B842C2 /* AddressComponents.swift in Sources */ = {isa = PBXBuildFile; fileRef = D3C5FC8620C34B6C00B842C2 /* AddressComponents.swift */; };
		D3C5FC8B20C34BAB00B842C2 /* GoogleLocations.swift in Sources */ = {isa = PBXBuildFile; fileRef = D3C5FC8A20C34BAB00B842C2 /* GoogleLocations.swift */; };
		D3C5FC8C20C34BAB00B842C2 /* GoogleLocations.swift in Sources */ = {isa = PBXBuildFile; fileRef = D3C5FC8A20C34BAB00B842C2 /* GoogleLocations.swift */; };
		D3C5FC8D20C34BAB00B842C2 /* GoogleLocations.swift in Sources */ = {isa = PBXBuildFile; fileRef = D3C5FC8A20C34BAB00B842C2 /* GoogleLocations.swift */; };
		D3C5FC9320C34BED00B842C2 /* ViewPort.swift in Sources */ = {isa = PBXBuildFile; fileRef = D3C5FC9220C34BED00B842C2 /* ViewPort.swift */; };
		D3C5FC9420C34BED00B842C2 /* ViewPort.swift in Sources */ = {isa = PBXBuildFile; fileRef = D3C5FC9220C34BED00B842C2 /* ViewPort.swift */; };
		D3C5FC9520C34BED00B842C2 /* ViewPort.swift in Sources */ = {isa = PBXBuildFile; fileRef = D3C5FC9220C34BED00B842C2 /* ViewPort.swift */; };
		D3C5FC9720C34C0800B842C2 /* Bounds.swift in Sources */ = {isa = PBXBuildFile; fileRef = D3C5FC9620C34C0800B842C2 /* Bounds.swift */; };
		D3C5FC9820C34C0800B842C2 /* Bounds.swift in Sources */ = {isa = PBXBuildFile; fileRef = D3C5FC9620C34C0800B842C2 /* Bounds.swift */; };
		D3C5FC9920C34C0800B842C2 /* Bounds.swift in Sources */ = {isa = PBXBuildFile; fileRef = D3C5FC9620C34C0800B842C2 /* Bounds.swift */; };
		D3C5FC9B20C34C1E00B842C2 /* LocationCoordinates.swift in Sources */ = {isa = PBXBuildFile; fileRef = D3C5FC9A20C34C1E00B842C2 /* LocationCoordinates.swift */; };
		D3C5FC9C20C34C1E00B842C2 /* LocationCoordinates.swift in Sources */ = {isa = PBXBuildFile; fileRef = D3C5FC9A20C34C1E00B842C2 /* LocationCoordinates.swift */; };
		D3C5FC9D20C34C1E00B842C2 /* LocationCoordinates.swift in Sources */ = {isa = PBXBuildFile; fileRef = D3C5FC9A20C34C1E00B842C2 /* LocationCoordinates.swift */; };
		D3C5FC9F20C34C3800B842C2 /* Geometry.swift in Sources */ = {isa = PBXBuildFile; fileRef = D3C5FC9E20C34C3800B842C2 /* Geometry.swift */; };
		D3C5FCA020C34C3800B842C2 /* Geometry.swift in Sources */ = {isa = PBXBuildFile; fileRef = D3C5FC9E20C34C3800B842C2 /* Geometry.swift */; };
		D3C5FCA120C34C3800B842C2 /* Geometry.swift in Sources */ = {isa = PBXBuildFile; fileRef = D3C5FC9E20C34C3800B842C2 /* Geometry.swift */; };
		D3C5FCA320C350EF00B842C2 /* MapViewController.swift in Sources */ = {isa = PBXBuildFile; fileRef = D3C5FCA220C350EF00B842C2 /* MapViewController.swift */; };
		D3C5FCA420C350EF00B842C2 /* MapViewController.swift in Sources */ = {isa = PBXBuildFile; fileRef = D3C5FCA220C350EF00B842C2 /* MapViewController.swift */; };
		D3C5FCA520C350EF00B842C2 /* MapViewController.swift in Sources */ = {isa = PBXBuildFile; fileRef = D3C5FCA220C350EF00B842C2 /* MapViewController.swift */; };
		D3C5FCA720C3598000B842C2 /* Address.swift in Sources */ = {isa = PBXBuildFile; fileRef = D3C5FCA620C3598000B842C2 /* Address.swift */; };
		D3C5FCA820C3598000B842C2 /* Address.swift in Sources */ = {isa = PBXBuildFile; fileRef = D3C5FCA620C3598000B842C2 /* Address.swift */; };
		D3C5FCA920C3598000B842C2 /* Address.swift in Sources */ = {isa = PBXBuildFile; fileRef = D3C5FCA620C3598000B842C2 /* Address.swift */; };
/* End PBXBuildFile section */

/* Begin PBXContainerItemProxy section */
		D3C5FC5E20C347AA00B842C2 /* PBXContainerItemProxy */ = {
			isa = PBXContainerItemProxy;
			containerPortal = D3C5FC3E20C347A900B842C2 /* Project object */;
			proxyType = 1;
			remoteGlobalIDString = D3C5FC4520C347A900B842C2;
			remoteInfo = AvenueCode;
		};
		D3C5FC6920C347AA00B842C2 /* PBXContainerItemProxy */ = {
			isa = PBXContainerItemProxy;
			containerPortal = D3C5FC3E20C347A900B842C2 /* Project object */;
			proxyType = 1;
			remoteGlobalIDString = D3C5FC4520C347A900B842C2;
			remoteInfo = AvenueCode;
		};
/* End PBXContainerItemProxy section */

/* Begin PBXFileReference section */
		D3C5FC4620C347A900B842C2 /* AvenueCode.app */ = {isa = PBXFileReference; explicitFileType = wrapper.application; includeInIndex = 0; path = AvenueCode.app; sourceTree = BUILT_PRODUCTS_DIR; };
		D3C5FC4920C347A900B842C2 /* AppDelegate.swift */ = {isa = PBXFileReference; lastKnownFileType = sourcecode.swift; path = AppDelegate.swift; sourceTree = "<group>"; };
		D3C5FC4E20C347A900B842C2 /* Base */ = {isa = PBXFileReference; lastKnownFileType = file.storyboard; name = Base; path = Base.lproj/Main.storyboard; sourceTree = "<group>"; };
		D3C5FC5120C347A900B842C2 /* AvenueCode.xcdatamodel */ = {isa = PBXFileReference; lastKnownFileType = wrapper.xcdatamodel; path = AvenueCode.xcdatamodel; sourceTree = "<group>"; };
		D3C5FC5320C347AA00B842C2 /* Assets.xcassets */ = {isa = PBXFileReference; lastKnownFileType = folder.assetcatalog; path = Assets.xcassets; sourceTree = "<group>"; };
		D3C5FC5620C347AA00B842C2 /* Base */ = {isa = PBXFileReference; lastKnownFileType = file.storyboard; name = Base; path = Base.lproj/LaunchScreen.storyboard; sourceTree = "<group>"; };
		D3C5FC5820C347AA00B842C2 /* Info.plist */ = {isa = PBXFileReference; lastKnownFileType = text.plist.xml; path = Info.plist; sourceTree = "<group>"; };
		D3C5FC5D20C347AA00B842C2 /* AvenueCodeTests.xctest */ = {isa = PBXFileReference; explicitFileType = wrapper.cfbundle; includeInIndex = 0; path = AvenueCodeTests.xctest; sourceTree = BUILT_PRODUCTS_DIR; };
		D3C5FC6120C347AA00B842C2 /* AvenueCodeTests.swift */ = {isa = PBXFileReference; lastKnownFileType = sourcecode.swift; path = AvenueCodeTests.swift; sourceTree = "<group>"; };
		D3C5FC6320C347AA00B842C2 /* Info.plist */ = {isa = PBXFileReference; lastKnownFileType = text.plist.xml; path = Info.plist; sourceTree = "<group>"; };
		D3C5FC6820C347AA00B842C2 /* AvenueCodeUITests.xctest */ = {isa = PBXFileReference; explicitFileType = wrapper.cfbundle; includeInIndex = 0; path = AvenueCodeUITests.xctest; sourceTree = BUILT_PRODUCTS_DIR; };
		D3C5FC6C20C347AA00B842C2 /* AvenueCodeUITests.swift */ = {isa = PBXFileReference; lastKnownFileType = sourcecode.swift; path = AvenueCodeUITests.swift; sourceTree = "<group>"; };
		D3C5FC6E20C347AA00B842C2 /* Info.plist */ = {isa = PBXFileReference; lastKnownFileType = text.plist.xml; path = Info.plist; sourceTree = "<group>"; };
		D3C5FC7A20C347DF00B842C2 /* GoogleAPILocationsHomeViewController.swift */ = {isa = PBXFileReference; lastKnownFileType = sourcecode.swift; path = GoogleAPILocationsHomeViewController.swift; sourceTree = "<group>"; };
		D3C5FC7E20C3492100B842C2 /* NetworkManager.swift */ = {isa = PBXFileReference; lastKnownFileType = sourcecode.swift; path = NetworkManager.swift; sourceTree = "<group>"; };
		D3C5FC8220C3495400B842C2 /* Location.swift */ = {isa = PBXFileReference; lastKnownFileType = sourcecode.swift; path = Location.swift; sourceTree = "<group>"; };
		D3C5FC8620C34B6C00B842C2 /* AddressComponents.swift */ = {isa = PBXFileReference; lastKnownFileType = sourcecode.swift; path = AddressComponents.swift; sourceTree = "<group>"; };
		D3C5FC8A20C34BAB00B842C2 /* GoogleLocations.swift */ = {isa = PBXFileReference; lastKnownFileType = sourcecode.swift; path = GoogleLocations.swift; sourceTree = "<group>"; };
		D3C5FC9220C34BED00B842C2 /* ViewPort.swift */ = {isa = PBXFileReference; lastKnownFileType = sourcecode.swift; path = ViewPort.swift; sourceTree = "<group>"; };
		D3C5FC9620C34C0800B842C2 /* Bounds.swift */ = {isa = PBXFileReference; lastKnownFileType = sourcecode.swift; path = Bounds.swift; sourceTree = "<group>"; };
		D3C5FC9A20C34C1E00B842C2 /* LocationCoordinates.swift */ = {isa = PBXFileReference; lastKnownFileType = sourcecode.swift; path = LocationCoordinates.swift; sourceTree = "<group>"; };
		D3C5FC9E20C34C3800B842C2 /* Geometry.swift */ = {isa = PBXFileReference; lastKnownFileType = sourcecode.swift; path = Geometry.swift; sourceTree = "<group>"; };
		D3C5FCA220C350EF00B842C2 /* MapViewController.swift */ = {isa = PBXFileReference; lastKnownFileType = sourcecode.swift; path = MapViewController.swift; sourceTree = "<group>"; };
		D3C5FCA620C3598000B842C2 /* Address.swift */ = {isa = PBXFileReference; lastKnownFileType = sourcecode.swift; path = Address.swift; sourceTree = "<group>"; };
/* End PBXFileReference section */

/* Begin PBXFrameworksBuildPhase section */
		D3C5FC4320C347A900B842C2 /* Frameworks */ = {
			isa = PBXFrameworksBuildPhase;
			buildActionMask = 2147483647;
			files = (
			);
			runOnlyForDeploymentPostprocessing = 0;
		};
		D3C5FC5A20C347AA00B842C2 /* Frameworks */ = {
			isa = PBXFrameworksBuildPhase;
			buildActionMask = 2147483647;
			files = (
			);
			runOnlyForDeploymentPostprocessing = 0;
		};
		D3C5FC6520C347AA00B842C2 /* Frameworks */ = {
			isa = PBXFrameworksBuildPhase;
			buildActionMask = 2147483647;
			files = (
			);
			runOnlyForDeploymentPostprocessing = 0;
		};
/* End PBXFrameworksBuildPhase section */

/* Begin PBXGroup section */
		D3C5FC3D20C347A900B842C2 = {
			isa = PBXGroup;
			children = (
				D3C5FC4820C347A900B842C2 /* AvenueCode */,
				D3C5FC6020C347AA00B842C2 /* AvenueCodeTests */,
				D3C5FC6B20C347AA00B842C2 /* AvenueCodeUITests */,
				D3C5FC4720C347A900B842C2 /* Products */,
			);
			sourceTree = "<group>";
		};
		D3C5FC4720C347A900B842C2 /* Products */ = {
			isa = PBXGroup;
			children = (
				D3C5FC4620C347A900B842C2 /* AvenueCode.app */,
				D3C5FC5D20C347AA00B842C2 /* AvenueCodeTests.xctest */,
				D3C5FC6820C347AA00B842C2 /* AvenueCodeUITests.xctest */,
			);
			name = Products;
			sourceTree = "<group>";
		};
		D3C5FC4820C347A900B842C2 /* AvenueCode */ = {
			isa = PBXGroup;
			children = (
				D3C5FC4920C347A900B842C2 /* AppDelegate.swift */,
				D3C5FC7E20C3492100B842C2 /* NetworkManager.swift */,
				D3C5FCAB20C370FE00B842C2 /* Core Data */,
				D3C5FCAC20C3710800B842C2 /* View Controllers */,
				D3C5FCAA20C370DE00B842C2 /* Models */,
				D3C5FC4D20C347A900B842C2 /* Main.storyboard */,
				D3C5FC5320C347AA00B842C2 /* Assets.xcassets */,
				D3C5FC5520C347AA00B842C2 /* LaunchScreen.storyboard */,
				D3C5FC5820C347AA00B842C2 /* Info.plist */,
			);
			path = AvenueCode;
			sourceTree = "<group>";
		};
		D3C5FC6020C347AA00B842C2 /* AvenueCodeTests */ = {
			isa = PBXGroup;
			children = (
				D3C5FC6120C347AA00B842C2 /* AvenueCodeTests.swift */,
				D3C5FC6320C347AA00B842C2 /* Info.plist */,
			);
			path = AvenueCodeTests;
			sourceTree = "<group>";
		};
		D3C5FC6B20C347AA00B842C2 /* AvenueCodeUITests */ = {
			isa = PBXGroup;
			children = (
				D3C5FC6C20C347AA00B842C2 /* AvenueCodeUITests.swift */,
				D3C5FC6E20C347AA00B842C2 /* Info.plist */,
			);
			path = AvenueCodeUITests;
			sourceTree = "<group>";
		};
		D3C5FCAA20C370DE00B842C2 /* Models */ = {
			isa = PBXGroup;
			children = (
				D3C5FC8220C3495400B842C2 /* Location.swift */,
				D3C5FC8A20C34BAB00B842C2 /* GoogleLocations.swift */,
				D3C5FC8620C34B6C00B842C2 /* AddressComponents.swift */,
				D3C5FC9220C34BED00B842C2 /* ViewPort.swift */,
				D3C5FC9620C34C0800B842C2 /* Bounds.swift */,
				D3C5FC9A20C34C1E00B842C2 /* LocationCoordinates.swift */,
				D3C5FC9E20C34C3800B842C2 /* Geometry.swift */,
			);
			path = Models;
			sourceTree = "<group>";
		};
		D3C5FCAB20C370FE00B842C2 /* Core Data */ = {
			isa = PBXGroup;
			children = (
				D3C5FCA620C3598000B842C2 /* Address.swift */,
				D3C5FC5020C347A900B842C2 /* AvenueCode.xcdatamodeld */,
			);
			path = "Core Data";
			sourceTree = "<group>";
		};
		D3C5FCAC20C3710800B842C2 /* View Controllers */ = {
			isa = PBXGroup;
			children = (
				D3C5FC7A20C347DF00B842C2 /* GoogleAPILocationsHomeViewController.swift */,
				D3C5FCA220C350EF00B842C2 /* MapViewController.swift */,
			);
			path = "View Controllers";
			sourceTree = "<group>";
		};
/* End PBXGroup section */

/* Begin PBXNativeTarget section */
		D3C5FC4520C347A900B842C2 /* AvenueCode */ = {
			isa = PBXNativeTarget;
			buildConfigurationList = D3C5FC7120C347AA00B842C2 /* Build configuration list for PBXNativeTarget "AvenueCode" */;
			buildPhases = (
				D3C5FC4220C347A900B842C2 /* Sources */,
				D3C5FC4320C347A900B842C2 /* Frameworks */,
				D3C5FC4420C347A900B842C2 /* Resources */,
			);
			buildRules = (
			);
			dependencies = (
			);
			name = AvenueCode;
			productName = AvenueCode;
			productReference = D3C5FC4620C347A900B842C2 /* AvenueCode.app */;
			productType = "com.apple.product-type.application";
		};
		D3C5FC5C20C347AA00B842C2 /* AvenueCodeTests */ = {
			isa = PBXNativeTarget;
			buildConfigurationList = D3C5FC7420C347AA00B842C2 /* Build configuration list for PBXNativeTarget "AvenueCodeTests" */;
			buildPhases = (
				D3C5FC5920C347AA00B842C2 /* Sources */,
				D3C5FC5A20C347AA00B842C2 /* Frameworks */,
				D3C5FC5B20C347AA00B842C2 /* Resources */,
			);
			buildRules = (
			);
			dependencies = (
				D3C5FC5F20C347AA00B842C2 /* PBXTargetDependency */,
			);
			name = AvenueCodeTests;
			productName = AvenueCodeTests;
			productReference = D3C5FC5D20C347AA00B842C2 /* AvenueCodeTests.xctest */;
			productType = "com.apple.product-type.bundle.unit-test";
		};
		D3C5FC6720C347AA00B842C2 /* AvenueCodeUITests */ = {
			isa = PBXNativeTarget;
			buildConfigurationList = D3C5FC7720C347AA00B842C2 /* Build configuration list for PBXNativeTarget "AvenueCodeUITests" */;
			buildPhases = (
				D3C5FC6420C347AA00B842C2 /* Sources */,
				D3C5FC6520C347AA00B842C2 /* Frameworks */,
				D3C5FC6620C347AA00B842C2 /* Resources */,
			);
			buildRules = (
			);
			dependencies = (
				D3C5FC6A20C347AA00B842C2 /* PBXTargetDependency */,
			);
			name = AvenueCodeUITests;
			productName = AvenueCodeUITests;
			productReference = D3C5FC6820C347AA00B842C2 /* AvenueCodeUITests.xctest */;
			productType = "com.apple.product-type.bundle.ui-testing";
		};
/* End PBXNativeTarget section */

/* Begin PBXProject section */
		D3C5FC3E20C347A900B842C2 /* Project object */ = {
			isa = PBXProject;
			attributes = {
				LastSwiftUpdateCheck = 0930;
				LastUpgradeCheck = 0930;
				ORGANIZATIONNAME = "Swagat Mishra";
				TargetAttributes = {
					D3C5FC4520C347A900B842C2 = {
						CreatedOnToolsVersion = 9.3.1;
					};
					D3C5FC5C20C347AA00B842C2 = {
						CreatedOnToolsVersion = 9.3.1;
						TestTargetID = D3C5FC4520C347A900B842C2;
					};
					D3C5FC6720C347AA00B842C2 = {
						CreatedOnToolsVersion = 9.3.1;
						TestTargetID = D3C5FC4520C347A900B842C2;
					};
				};
			};
			buildConfigurationList = D3C5FC4120C347A900B842C2 /* Build configuration list for PBXProject "AvenueCode" */;
			compatibilityVersion = "Xcode 9.3";
			developmentRegion = en;
			hasScannedForEncodings = 0;
			knownRegions = (
				en,
				Base,
			);
			mainGroup = D3C5FC3D20C347A900B842C2;
			productRefGroup = D3C5FC4720C347A900B842C2 /* Products */;
			projectDirPath = "";
			projectRoot = "";
			targets = (
				D3C5FC4520C347A900B842C2 /* AvenueCode */,
				D3C5FC5C20C347AA00B842C2 /* AvenueCodeTests */,
				D3C5FC6720C347AA00B842C2 /* AvenueCodeUITests */,
			);
		};
/* End PBXProject section */

/* Begin PBXResourcesBuildPhase section */
		D3C5FC4420C347A900B842C2 /* Resources */ = {
			isa = PBXResourcesBuildPhase;
			buildActionMask = 2147483647;
			files = (
				D3C5FC5720C347AA00B842C2 /* LaunchScreen.storyboard in Resources */,
				D3C5FC5420C347AA00B842C2 /* Assets.xcassets in Resources */,
				D3C5FC4F20C347A900B842C2 /* Main.storyboard in Resources */,
			);
			runOnlyForDeploymentPostprocessing = 0;
		};
		D3C5FC5B20C347AA00B842C2 /* Resources */ = {
			isa = PBXResourcesBuildPhase;
			buildActionMask = 2147483647;
			files = (
			);
			runOnlyForDeploymentPostprocessing = 0;
		};
		D3C5FC6620C347AA00B842C2 /* Resources */ = {
			isa = PBXResourcesBuildPhase;
			buildActionMask = 2147483647;
			files = (
			);
			runOnlyForDeploymentPostprocessing = 0;
		};
/* End PBXResourcesBuildPhase section */

/* Begin PBXSourcesBuildPhase section */
		D3C5FC4220C347A900B842C2 /* Sources */ = {
			isa = PBXSourcesBuildPhase;
			buildActionMask = 2147483647;
			files = (
				D3C5FC9B20C34C1E00B842C2 /* LocationCoordinates.swift in Sources */,
				D3C5FC8720C34B6C00B842C2 /* AddressComponents.swift in Sources */,
				D3C5FCA720C3598000B842C2 /* Address.swift in Sources */,
				D3C5FC9320C34BED00B842C2 /* ViewPort.swift in Sources */,
				D3C5FC9F20C34C3800B842C2 /* Geometry.swift in Sources */,
				D3C5FC7F20C3492100B842C2 /* NetworkManager.swift in Sources */,
				D3C5FC5220C347A900B842C2 /* AvenueCode.xcdatamodeld in Sources */,
				D3C5FC8320C3495400B842C2 /* Location.swift in Sources */,
				D3C5FCA320C350EF00B842C2 /* MapViewController.swift in Sources */,
				D3C5FC4A20C347A900B842C2 /* AppDelegate.swift in Sources */,
				D3C5FC9720C34C0800B842C2 /* Bounds.swift in Sources */,
				D3C5FC8B20C34BAB00B842C2 /* GoogleLocations.swift in Sources */,
				D3C5FC7B20C347DF00B842C2 /* GoogleAPILocationsHomeViewController.swift in Sources */,
			);
			runOnlyForDeploymentPostprocessing = 0;
		};
		D3C5FC5920C347AA00B842C2 /* Sources */ = {
			isa = PBXSourcesBuildPhase;
			buildActionMask = 2147483647;
			files = (
				D3C5FCA420C350EF00B842C2 /* MapViewController.swift in Sources */,
				D3C5FC8820C34B6C00B842C2 /* AddressComponents.swift in Sources */,
				D3C5FC8020C3492100B842C2 /* NetworkManager.swift in Sources */,
				D3C5FC9820C34C0800B842C2 /* Bounds.swift in Sources */,
				D3C5FC7C20C347DF00B842C2 /* GoogleAPILocationsHomeViewController.swift in Sources */,
				D3C5FC8C20C34BAB00B842C2 /* GoogleLocations.swift in Sources */,
				D3C5FCA820C3598000B842C2 /* Address.swift in Sources */,
				D3C5FC9C20C34C1E00B842C2 /* LocationCoordinates.swift in Sources */,
				D3C5FC8420C3495400B842C2 /* Location.swift in Sources */,
				D3C5FC9420C34BED00B842C2 /* ViewPort.swift in Sources */,
				D3C5FC6220C347AA00B842C2 /* AvenueCodeTests.swift in Sources */,
				D3C5FCA020C34C3800B842C2 /* Geometry.swift in Sources */,
			);
			runOnlyForDeploymentPostprocessing = 0;
		};
		D3C5FC6420C347AA00B842C2 /* Sources */ = {
			isa = PBXSourcesBuildPhase;
			buildActionMask = 2147483647;
			files = (
				D3C5FCA520C350EF00B842C2 /* MapViewController.swift in Sources */,
				D3C5FC8920C34B6C00B842C2 /* AddressComponents.swift in Sources */,
				D3C5FC8120C3492100B842C2 /* NetworkManager.swift in Sources */,
				D3C5FC9920C34C0800B842C2 /* Bounds.swift in Sources */,
				D3C5FC7D20C347DF00B842C2 /* GoogleAPILocationsHomeViewController.swift in Sources */,
				D3C5FC8D20C34BAB00B842C2 /* GoogleLocations.swift in Sources */,
				D3C5FCA920C3598000B842C2 /* Address.swift in Sources */,
				D3C5FC9D20C34C1E00B842C2 /* LocationCoordinates.swift in Sources */,
				D3C5FC8520C3495400B842C2 /* Location.swift in Sources */,
				D3C5FC9520C34BED00B842C2 /* ViewPort.swift in Sources */,
				D3C5FC6D20C347AA00B842C2 /* AvenueCodeUITests.swift in Sources */,
				D3C5FCA120C34C3800B842C2 /* Geometry.swift in Sources */,
			);
			runOnlyForDeploymentPostprocessing = 0;
		};
/* End PBXSourcesBuildPhase section */

/* Begin PBXTargetDependency section */
		D3C5FC5F20C347AA00B842C2 /* PBXTargetDependency */ = {
			isa = PBXTargetDependency;
			target = D3C5FC4520C347A900B842C2 /* AvenueCode */;
			targetProxy = D3C5FC5E20C347AA00B842C2 /* PBXContainerItemProxy */;
		};
		D3C5FC6A20C347AA00B842C2 /* PBXTargetDependency */ = {
			isa = PBXTargetDependency;
			target = D3C5FC4520C347A900B842C2 /* AvenueCode */;
			targetProxy = D3C5FC6920C347AA00B842C2 /* PBXContainerItemProxy */;
		};
/* End PBXTargetDependency section */

/* Begin PBXVariantGroup section */
		D3C5FC4D20C347A900B842C2 /* Main.storyboard */ = {
			isa = PBXVariantGroup;
			children = (
				D3C5FC4E20C347A900B842C2 /* Base */,
			);
			name = Main.storyboard;
			sourceTree = "<group>";
		};
		D3C5FC5520C347AA00B842C2 /* LaunchScreen.storyboard */ = {
			isa = PBXVariantGroup;
			children = (
				D3C5FC5620C347AA00B842C2 /* Base */,
			);
			name = LaunchScreen.storyboard;
			sourceTree = "<group>";
		};
/* End PBXVariantGroup section */

/* Begin XCBuildConfiguration section */
		D3C5FC6F20C347AA00B842C2 /* Debug */ = {
			isa = XCBuildConfiguration;
			buildSettings = {
				ALWAYS_SEARCH_USER_PATHS = NO;
				CLANG_ANALYZER_NONNULL = YES;
				CLANG_ANALYZER_NUMBER_OBJECT_CONVERSION = YES_AGGRESSIVE;
				CLANG_CXX_LANGUAGE_STANDARD = "gnu++14";
				CLANG_CXX_LIBRARY = "libc++";
				CLANG_ENABLE_MODULES = YES;
				CLANG_ENABLE_OBJC_ARC = YES;
				CLANG_ENABLE_OBJC_WEAK = YES;
				CLANG_WARN_BLOCK_CAPTURE_AUTORELEASING = YES;
				CLANG_WARN_BOOL_CONVERSION = YES;
				CLANG_WARN_COMMA = YES;
				CLANG_WARN_CONSTANT_CONVERSION = YES;
				CLANG_WARN_DEPRECATED_OBJC_IMPLEMENTATIONS = YES;
				CLANG_WARN_DIRECT_OBJC_ISA_USAGE = YES_ERROR;
				CLANG_WARN_DOCUMENTATION_COMMENTS = YES;
				CLANG_WARN_EMPTY_BODY = YES;
				CLANG_WARN_ENUM_CONVERSION = YES;
				CLANG_WARN_INFINITE_RECURSION = YES;
				CLANG_WARN_INT_CONVERSION = YES;
				CLANG_WARN_NON_LITERAL_NULL_CONVERSION = YES;
				CLANG_WARN_OBJC_IMPLICIT_RETAIN_SELF = YES;
				CLANG_WARN_OBJC_LITERAL_CONVERSION = YES;
				CLANG_WARN_OBJC_ROOT_CLASS = YES_ERROR;
				CLANG_WARN_RANGE_LOOP_ANALYSIS = YES;
				CLANG_WARN_STRICT_PROTOTYPES = YES;
				CLANG_WARN_SUSPICIOUS_MOVE = YES;
				CLANG_WARN_UNGUARDED_AVAILABILITY = YES_AGGRESSIVE;
				CLANG_WARN_UNREACHABLE_CODE = YES;
				CLANG_WARN__DUPLICATE_METHOD_MATCH = YES;
				CODE_SIGN_IDENTITY = "iPhone Developer";
				COPY_PHASE_STRIP = NO;
				DEBUG_INFORMATION_FORMAT = dwarf;
				ENABLE_STRICT_OBJC_MSGSEND = YES;
				ENABLE_TESTABILITY = YES;
				GCC_C_LANGUAGE_STANDARD = gnu11;
				GCC_DYNAMIC_NO_PIC = NO;
				GCC_NO_COMMON_BLOCKS = YES;
				GCC_OPTIMIZATION_LEVEL = 0;
				GCC_PREPROCESSOR_DEFINITIONS = (
					"DEBUG=1",
					"$(inherited)",
				);
				GCC_WARN_64_TO_32_BIT_CONVERSION = YES;
				GCC_WARN_ABOUT_RETURN_TYPE = YES_ERROR;
				GCC_WARN_UNDECLARED_SELECTOR = YES;
				GCC_WARN_UNINITIALIZED_AUTOS = YES_AGGRESSIVE;
				GCC_WARN_UNUSED_FUNCTION = YES;
				GCC_WARN_UNUSED_VARIABLE = YES;
				IPHONEOS_DEPLOYMENT_TARGET = 11.3;
				MTL_ENABLE_DEBUG_INFO = YES;
				ONLY_ACTIVE_ARCH = YES;
				SDKROOT = iphoneos;
				SWIFT_ACTIVE_COMPILATION_CONDITIONS = DEBUG;
				SWIFT_OPTIMIZATION_LEVEL = "-Onone";
			};
			name = Debug;
		};
		D3C5FC7020C347AA00B842C2 /* Release */ = {
			isa = XCBuildConfiguration;
			buildSettings = {
				ALWAYS_SEARCH_USER_PATHS = NO;
				CLANG_ANALYZER_NONNULL = YES;
				CLANG_ANALYZER_NUMBER_OBJECT_CONVERSION = YES_AGGRESSIVE;
				CLANG_CXX_LANGUAGE_STANDARD = "gnu++14";
				CLANG_CXX_LIBRARY = "libc++";
				CLANG_ENABLE_MODULES = YES;
				CLANG_ENABLE_OBJC_ARC = YES;
				CLANG_ENABLE_OBJC_WEAK = YES;
				CLANG_WARN_BLOCK_CAPTURE_AUTORELEASING = YES;
				CLANG_WARN_BOOL_CONVERSION = YES;
				CLANG_WARN_COMMA = YES;
				CLANG_WARN_CONSTANT_CONVERSION = YES;
				CLANG_WARN_DEPRECATED_OBJC_IMPLEMENTATIONS = YES;
				CLANG_WARN_DIRECT_OBJC_ISA_USAGE = YES_ERROR;
				CLANG_WARN_DOCUMENTATION_COMMENTS = YES;
				CLANG_WARN_EMPTY_BODY = YES;
				CLANG_WARN_ENUM_CONVERSION = YES;
				CLANG_WARN_INFINITE_RECURSION = YES;
				CLANG_WARN_INT_CONVERSION = YES;
				CLANG_WARN_NON_LITERAL_NULL_CONVERSION = YES;
				CLANG_WARN_OBJC_IMPLICIT_RETAIN_SELF = YES;
				CLANG_WARN_OBJC_LITERAL_CONVERSION = YES;
				CLANG_WARN_OBJC_ROOT_CLASS = YES_ERROR;
				CLANG_WARN_RANGE_LOOP_ANALYSIS = YES;
				CLANG_WARN_STRICT_PROTOTYPES = YES;
				CLANG_WARN_SUSPICIOUS_MOVE = YES;
				CLANG_WARN_UNGUARDED_AVAILABILITY = YES_AGGRESSIVE;
				CLANG_WARN_UNREACHABLE_CODE = YES;
				CLANG_WARN__DUPLICATE_METHOD_MATCH = YES;
				CODE_SIGN_IDENTITY = "iPhone Developer";
				COPY_PHASE_STRIP = NO;
				DEBUG_INFORMATION_FORMAT = "dwarf-with-dsym";
				ENABLE_NS_ASSERTIONS = NO;
				ENABLE_STRICT_OBJC_MSGSEND = YES;
				GCC_C_LANGUAGE_STANDARD = gnu11;
				GCC_NO_COMMON_BLOCKS = YES;
				GCC_WARN_64_TO_32_BIT_CONVERSION = YES;
				GCC_WARN_ABOUT_RETURN_TYPE = YES_ERROR;
				GCC_WARN_UNDECLARED_SELECTOR = YES;
				GCC_WARN_UNINITIALIZED_AUTOS = YES_AGGRESSIVE;
				GCC_WARN_UNUSED_FUNCTION = YES;
				GCC_WARN_UNUSED_VARIABLE = YES;
				IPHONEOS_DEPLOYMENT_TARGET = 11.3;
				MTL_ENABLE_DEBUG_INFO = NO;
				SDKROOT = iphoneos;
				SWIFT_COMPILATION_MODE = wholemodule;
				SWIFT_OPTIMIZATION_LEVEL = "-O";
				VALIDATE_PRODUCT = YES;
			};
			name = Release;
		};
		D3C5FC7220C347AA00B842C2 /* Debug */ = {
			isa = XCBuildConfiguration;
			buildSettings = {
				ASSETCATALOG_COMPILER_APPICON_NAME = AppIcon;
				CODE_SIGN_STYLE = Automatic;
				INFOPLIST_FILE = AvenueCode/Info.plist;
				LD_RUNPATH_SEARCH_PATHS = (
					"$(inherited)",
					"@executable_path/Frameworks",
				);
				PRODUCT_BUNDLE_IDENTIFIER = com.swagatmishra.AvenueCode;
				PRODUCT_NAME = "$(TARGET_NAME)";
				SWIFT_COMPILATION_MODE = wholemodule;
				SWIFT_VERSION = 4.0;
				TARGETED_DEVICE_FAMILY = "1,2";
			};
			name = Debug;
		};
		D3C5FC7320C347AA00B842C2 /* Release */ = {
			isa = XCBuildConfiguration;
			buildSettings = {
				ASSETCATALOG_COMPILER_APPICON_NAME = AppIcon;
				CODE_SIGN_STYLE = Automatic;
				INFOPLIST_FILE = AvenueCode/Info.plist;
				LD_RUNPATH_SEARCH_PATHS = (
					"$(inherited)",
					"@executable_path/Frameworks",
				);
				PRODUCT_BUNDLE_IDENTIFIER = com.swagatmishra.AvenueCode;
				PRODUCT_NAME = "$(TARGET_NAME)";
				SWIFT_VERSION = 4.0;
				TARGETED_DEVICE_FAMILY = "1,2";
			};
			name = Release;
		};
		D3C5FC7520C347AA00B842C2 /* Debug */ = {
			isa = XCBuildConfiguration;
			buildSettings = {
				ALWAYS_EMBED_SWIFT_STANDARD_LIBRARIES = YES;
				BUNDLE_LOADER = "$(TEST_HOST)";
				CODE_SIGN_STYLE = Automatic;
				INFOPLIST_FILE = AvenueCodeTests/Info.plist;
				LD_RUNPATH_SEARCH_PATHS = (
					"$(inherited)",
					"@executable_path/Frameworks",
					"@loader_path/Frameworks",
				);
				PRODUCT_BUNDLE_IDENTIFIER = com.swagatmishra.AvenueCodeTests;
				PRODUCT_NAME = "$(TARGET_NAME)";
				SWIFT_VERSION = 4.0;
				TARGETED_DEVICE_FAMILY = "1,2";
				TEST_HOST = "$(BUILT_PRODUCTS_DIR)/AvenueCode.app/AvenueCode";
			};
			name = Debug;
		};
		D3C5FC7620C347AA00B842C2 /* Release */ = {
			isa = XCBuildConfiguration;
			buildSettings = {
				ALWAYS_EMBED_SWIFT_STANDARD_LIBRARIES = YES;
				BUNDLE_LOADER = "$(TEST_HOST)";
				CODE_SIGN_STYLE = Automatic;
				INFOPLIST_FILE = AvenueCodeTests/Info.plist;
				LD_RUNPATH_SEARCH_PATHS = (
					"$(inherited)",
					"@executable_path/Frameworks",
					"@loader_path/Frameworks",
				);
				PRODUCT_BUNDLE_IDENTIFIER = com.swagatmishra.AvenueCodeTests;
				PRODUCT_NAME = "$(TARGET_NAME)";
				SWIFT_VERSION = 4.0;
				TARGETED_DEVICE_FAMILY = "1,2";
				TEST_HOST = "$(BUILT_PRODUCTS_DIR)/AvenueCode.app/AvenueCode";
			};
			name = Release;
		};
		D3C5FC7820C347AA00B842C2 /* Debug */ = {
			isa = XCBuildConfiguration;
			buildSettings = {
				ALWAYS_EMBED_SWIFT_STANDARD_LIBRARIES = YES;
				CODE_SIGN_STYLE = Automatic;
				INFOPLIST_FILE = AvenueCodeUITests/Info.plist;
				LD_RUNPATH_SEARCH_PATHS = (
					"$(inherited)",
					"@executable_path/Frameworks",
					"@loader_path/Frameworks",
				);
				PRODUCT_BUNDLE_IDENTIFIER = com.swagatmishra.AvenueCodeUITests;
				PRODUCT_NAME = "$(TARGET_NAME)";
				SWIFT_VERSION = 4.0;
				TARGETED_DEVICE_FAMILY = "1,2";
				TEST_TARGET_NAME = AvenueCode;
			};
			name = Debug;
		};
		D3C5FC7920C347AA00B842C2 /* Release */ = {
			isa = XCBuildConfiguration;
			buildSettings = {
				ALWAYS_EMBED_SWIFT_STANDARD_LIBRARIES = YES;
				CODE_SIGN_STYLE = Automatic;
				INFOPLIST_FILE = AvenueCodeUITests/Info.plist;
				LD_RUNPATH_SEARCH_PATHS = (
					"$(inherited)",
					"@executable_path/Frameworks",
					"@loader_path/Frameworks",
				);
				PRODUCT_BUNDLE_IDENTIFIER = com.swagatmishra.AvenueCodeUITests;
				PRODUCT_NAME = "$(TARGET_NAME)";
				SWIFT_VERSION = 4.0;
				TARGETED_DEVICE_FAMILY = "1,2";
				TEST_TARGET_NAME = AvenueCode;
			};
			name = Release;
		};
/* End XCBuildConfiguration section */

/* Begin XCConfigurationList section */
		D3C5FC4120C347A900B842C2 /* Build configuration list for PBXProject "AvenueCode" */ = {
			isa = XCConfigurationList;
			buildConfigurations = (
				D3C5FC6F20C347AA00B842C2 /* Debug */,
				D3C5FC7020C347AA00B842C2 /* Release */,
			);
			defaultConfigurationIsVisible = 0;
			defaultConfigurationName = Release;
		};
		D3C5FC7120C347AA00B842C2 /* Build configuration list for PBXNativeTarget "AvenueCode" */ = {
			isa = XCConfigurationList;
			buildConfigurations = (
				D3C5FC7220C347AA00B842C2 /* Debug */,
				D3C5FC7320C347AA00B842C2 /* Release */,
			);
			defaultConfigurationIsVisible = 0;
			defaultConfigurationName = Release;
		};
		D3C5FC7420C347AA00B842C2 /* Build configuration list for PBXNativeTarget "AvenueCodeTests" */ = {
			isa = XCConfigurationList;
			buildConfigurations = (
				D3C5FC7520C347AA00B842C2 /* Debug */,
				D3C5FC7620C347AA00B842C2 /* Release */,
			);
			defaultConfigurationIsVisible = 0;
			defaultConfigurationName = Release;
		};
		D3C5FC7720C347AA00B842C2 /* Build configuration list for PBXNativeTarget "AvenueCodeUITests" */ = {
			isa = XCConfigurationList;
			buildConfigurations = (
				D3C5FC7820C347AA00B842C2 /* Debug */,
				D3C5FC7920C347AA00B842C2 /* Release */,
			);
			defaultConfigurationIsVisible = 0;
			defaultConfigurationName = Release;
		};
/* End XCConfigurationList section */

/* Begin XCVersionGroup section */
		D3C5FC5020C347A900B842C2 /* AvenueCode.xcdatamodeld */ = {
			isa = XCVersionGroup;
			children = (
				D3C5FC5120C347A900B842C2 /* AvenueCode.xcdatamodel */,
			);
			currentVersion = D3C5FC5120C347A900B842C2 /* AvenueCode.xcdatamodel */;
			path = AvenueCode.xcdatamodeld;
			sourceTree = "<group>";
			versionGroupType = wrapper.xcdatamodel;
		};
/* End XCVersionGroup section */
	};
	rootObject = D3C5FC3E20C347A900B842C2 /* Project object */;
}
